
Microsoft Visual Studio Solution File, Format Version 12.00
# Visual Studio Version 17
VisualStudioVersion = 17.14.36414.22 d17.14
MinimumVisualStudioVersion = 10.0.40219.1
Project("{FAE04EC0-301F-11D3-BF4B-00C04F79EFBC}") = "Computer Peripheral - Stock Management", "Computer Peripheral - Stock Management\Computer Peripheral - Stock Management.csproj", "{F3BF5905-EBF6-42A3-903C-D399372D6463}"
EndProject
Global
	GlobalSection(SolutionConfigurationPlatforms) = preSolution
		Debug|Any CPU = Debug|Any CPU
		Release|Any CPU = Release|Any CPU
	EndGlobalSection
	GlobalSection(ProjectConfigurationPlatforms) = postSolution
		{F3BF5905-EBF6-42A3-903C-D399372D6463}.Debug|Any CPU.ActiveCfg = Debug|Any CPU
		{F3BF5905-EBF6-42A3-903C-D399372D6463}.Debug|Any CPU.Build.0 = Debug|Any CPU
		{F3BF5905-EBF6-42A3-903C-D399372D6463}.Release|Any CPU.ActiveCfg = Release|Any CPU
		{F3BF5905-EBF6-42A3-903C-D399372D6463}.Release|Any CPU.Build.0 = Release|Any CPU
	EndGlobalSection
	GlobalSection(SolutionProperties) = preSolution
		HideSolutionNode = FALSE
	EndGlobalSection
	GlobalSection(ExtensibilityGlobals) = postSolution
		SolutionGuid = {73530E18-D940-46DD-BF42-06804A252F1F}
	EndGlobalSection
EndGlobal
